
Microsoft Visual Studio Solution File, Format Version 12.00
# Visual Studio Version 17
VisualStudioVersion = 17.7.34009.444
MinimumVisualStudioVersion = 10.0.40219.1
Project("{FAE04EC0-301F-11D3-BF4B-00C04F79EFBC}") = "Daire_Hesaplama", "Daire_Hesaplama\Daire_Hesaplama.csproj", "{1E2189DF-AAE6-4209-B74A-F3F40C4291E4}"
EndProject
Global
	GlobalSection(SolutionConfigurationPlatforms) = preSolution
		Debug|Any CPU = Debug|Any CPU
		Release|Any CPU = Release|Any CPU
	EndGlobalSection
	GlobalSection(ProjectConfigurationPlatforms) = postSolution
		{1E2189DF-AAE6-4209-B74A-F3F40C4291E4}.Debug|Any CPU.ActiveCfg = Debug|Any CPU
		{1E2189DF-AAE6-4209-B74A-F3F40C4291E4}.Debug|Any CPU.Build.0 = Debug|Any CPU
		{1E2189DF-AAE6-4209-B74A-F3F40C4291E4}.Release|Any CPU.ActiveCfg = Release|Any CPU
		{1E2189DF-AAE6-4209-B74A-F3F40C4291E4}.Release|Any CPU.Build.0 = Release|Any CPU
	EndGlobalSection
	GlobalSection(SolutionProperties) = preSolution
		HideSolutionNode = FALSE
	EndGlobalSection
	GlobalSection(ExtensibilityGlobals) = postSolution
		SolutionGuid = {6E106DD1-C3C5-487B-86A6-71953F8AC2B9}
	EndGlobalSection
EndGlobal
