
Microsoft Visual Studio Solution File, Format Version 12.00
# Visual Studio Version 17
VisualStudioVersion = 17.7.34009.444
MinimumVisualStudioVersion = 10.0.40219.1
Project("{FAE04EC0-301F-11D3-BF4B-00C04F79EFBC}") = "Ders5", "Ders5\Ders5.csproj", "{1CADB2EF-3500-497A-938E-9280653EA8AB}"
EndProject
Global
	GlobalSection(SolutionConfigurationPlatforms) = preSolution
		Debug|Any CPU = Debug|Any CPU
		Release|Any CPU = Release|Any CPU
	EndGlobalSection
	GlobalSection(ProjectConfigurationPlatforms) = postSolution
		{1CADB2EF-3500-497A-938E-9280653EA8AB}.Debug|Any CPU.ActiveCfg = Debug|Any CPU
		{1CADB2EF-3500-497A-938E-9280653EA8AB}.Debug|Any CPU.Build.0 = Debug|Any CPU
		{1CADB2EF-3500-497A-938E-9280653EA8AB}.Release|Any CPU.ActiveCfg = Release|Any CPU
		{1CADB2EF-3500-497A-938E-9280653EA8AB}.Release|Any CPU.Build.0 = Release|Any CPU
	EndGlobalSection
	GlobalSection(SolutionProperties) = preSolution
		HideSolutionNode = FALSE
	EndGlobalSection
	GlobalSection(ExtensibilityGlobals) = postSolution
		SolutionGuid = {3531A8A1-C286-4611-8911-EF2939D35858}
	EndGlobalSection
EndGlobal
