
Microsoft Visual Studio Solution File, Format Version 12.00
# Visual Studio Version 17
VisualStudioVersion = 17.8.34511.84
MinimumVisualStudioVersion = 10.0.40219.1
Project("{FAE04EC0-301F-11D3-BF4B-00C04F79EFBC}") = "2donemor2", "2donemor2\2donemor2.csproj", "{B195712C-C20F-47BA-A06C-D62245DD0D07}"
EndProject
Global
	GlobalSection(SolutionConfigurationPlatforms) = preSolution
		Debug|Any CPU = Debug|Any CPU
		Release|Any CPU = Release|Any CPU
	EndGlobalSection
	GlobalSection(ProjectConfigurationPlatforms) = postSolution
		{B195712C-C20F-47BA-A06C-D62245DD0D07}.Debug|Any CPU.ActiveCfg = Debug|Any CPU
		{B195712C-C20F-47BA-A06C-D62245DD0D07}.Debug|Any CPU.Build.0 = Debug|Any CPU
		{B195712C-C20F-47BA-A06C-D62245DD0D07}.Release|Any CPU.ActiveCfg = Release|Any CPU
		{B195712C-C20F-47BA-A06C-D62245DD0D07}.Release|Any CPU.Build.0 = Release|Any CPU
	EndGlobalSection
	GlobalSection(SolutionProperties) = preSolution
		HideSolutionNode = FALSE
	EndGlobalSection
	GlobalSection(ExtensibilityGlobals) = postSolution
		SolutionGuid = {387E0149-3430-4224-B047-10D955916445}
	EndGlobalSection
EndGlobal
