
Microsoft Visual Studio Solution File, Format Version 12.00
# Visual Studio Version 17
VisualStudioVersion = 17.8.34511.84
MinimumVisualStudioVersion = 10.0.40219.1
Project("{FAE04EC0-301F-11D3-BF4B-00C04F79EFBC}") = "yikiciDikdortgen", "yikiciDikdortgen\yikiciDikdortgen.csproj", "{DD8651FD-FFD0-4989-9A3C-BD05C7F64176}"
EndProject
Global
	GlobalSection(SolutionConfigurationPlatforms) = preSolution
		Debug|Any CPU = Debug|Any CPU
		Release|Any CPU = Release|Any CPU
	EndGlobalSection
	GlobalSection(ProjectConfigurationPlatforms) = postSolution
		{DD8651FD-FFD0-4989-9A3C-BD05C7F64176}.Debug|Any CPU.ActiveCfg = Debug|Any CPU
		{DD8651FD-FFD0-4989-9A3C-BD05C7F64176}.Debug|Any CPU.Build.0 = Debug|Any CPU
		{DD8651FD-FFD0-4989-9A3C-BD05C7F64176}.Release|Any CPU.ActiveCfg = Release|Any CPU
		{DD8651FD-FFD0-4989-9A3C-BD05C7F64176}.Release|Any CPU.Build.0 = Release|Any CPU
	EndGlobalSection
	GlobalSection(SolutionProperties) = preSolution
		HideSolutionNode = FALSE
	EndGlobalSection
	GlobalSection(ExtensibilityGlobals) = postSolution
		SolutionGuid = {C70CE980-AD6C-41F5-9509-E0CBA3A1D992}
	EndGlobalSection
EndGlobal
